// !$*UTF8*$!
{
	archiveVersion = 1;
	classes = {
	};
	objectVersion = 56;
	objects = {

/* Begin PBXBuildFile section */
		7A0007632BA88C8600195598 /* jsondata.bundle in CopyFiles */ = {isa = PBXBuildFile; fileRef = 7A00075F2BA88C7C00195598 /* jsondata.bundle */; };
		7A0007642BA88C8900195598 /* Stations.json in Resources */ = {isa = PBXBuildFile; fileRef = 7A00075A2BA88C6700195598 /* Stations.json */; };
		7A0007682BA8C10800195598 /* TimeSpan.swift in Sources */ = {isa = PBXBuildFile; fileRef = 7A0007672BA8C10800195598 /* TimeSpan.swift */; };
		7A00076B2BA8C2BA00195598 /* Timetable.swift in Sources */ = {isa = PBXBuildFile; fileRef = 7A0007652BA88EFD00195598 /* Timetable.swift */; };
		7A00076D2BA8DE6E00195598 /* ArriveTimeController.swift in Sources */ = {isa = PBXBuildFile; fileRef = 7A00076C2BA8DE6E00195598 /* ArriveTimeController.swift */; };
		7A69C8CE2B9C95610074F6D1 /* main.swift in Sources */ = {isa = PBXBuildFile; fileRef = 7A69C8CD2B9C95610074F6D1 /* main.swift */; };
		7A69C8D72B9C95830074F6D1 /* Stations.xcdatamodeld in Sources */ = {isa = PBXBuildFile; fileRef = 7A69C8D52B9C95830074F6D1 /* Stations.xcdatamodeld */; };
		7A877FFE2BA089AD00FBD7C4 /* Queue.swift in Sources */ = {isa = PBXBuildFile; fileRef = 7A877FFD2BA089AD00FBD7C4 /* Queue.swift */; };
		7A8780002BA08ADB00FBD7C4 /* Route.swift in Sources */ = {isa = PBXBuildFile; fileRef = 7A877FFF2BA08ADB00FBD7C4 /* Route.swift */; };
		7A8780022BA0967700FBD7C4 /* RouteController.swift in Sources */ = {isa = PBXBuildFile; fileRef = 7A8780012BA0967700FBD7C4 /* RouteController.swift */; };
		7A8780042BA096FB00FBD7C4 /* DataController.swift in Sources */ = {isa = PBXBuildFile; fileRef = 7A8780032BA096FB00FBD7C4 /* DataController.swift */; };
		7A8EA3D02B9DDD2D001C960C /* Station.swift in Sources */ = {isa = PBXBuildFile; fileRef = 7A8EA3CF2B9DDD2D001C960C /* Station.swift */; };
/* End PBXBuildFile section */

/* Begin PBXCopyFilesBuildPhase section */
		7A69C8C82B9C95610074F6D1 /* CopyFiles */ = {
			isa = PBXCopyFilesBuildPhase;
			buildActionMask = 2147483647;
			dstPath = /usr/share/man/man1/;
			dstSubfolderSpec = 0;
			files = (
				7A0007632BA88C8600195598 /* jsondata.bundle in CopyFiles */,
			);
			runOnlyForDeploymentPostprocessing = 1;
		};
/* End PBXCopyFilesBuildPhase section */

/* Begin PBXFileReference section */
		7A00075A2BA88C6700195598 /* Stations.json */ = {isa = PBXFileReference; fileEncoding = 4; lastKnownFileType = text.json; path = Stations.json; sourceTree = "<group>"; };
		7A00075F2BA88C7C00195598 /* jsondata.bundle */ = {isa = PBXFileReference; explicitFileType = wrapper.cfbundle; includeInIndex = 0; path = jsondata.bundle; sourceTree = BUILT_PRODUCTS_DIR; };
		7A0007652BA88EFD00195598 /* Timetable.swift */ = {isa = PBXFileReference; lastKnownFileType = sourcecode.swift; path = Timetable.swift; sourceTree = "<group>"; };
		7A0007672BA8C10800195598 /* TimeSpan.swift */ = {isa = PBXFileReference; lastKnownFileType = sourcecode.swift; path = TimeSpan.swift; sourceTree = "<group>"; };
		7A00076C2BA8DE6E00195598 /* ArriveTimeController.swift */ = {isa = PBXFileReference; lastKnownFileType = sourcecode.swift; path = ArriveTimeController.swift; sourceTree = "<group>"; };
		7A69C8CA2B9C95610074F6D1 /* coredatatest */ = {isa = PBXFileReference; explicitFileType = "compiled.mach-o.executable"; includeInIndex = 0; path = coredatatest; sourceTree = BUILT_PRODUCTS_DIR; };
		7A69C8CD2B9C95610074F6D1 /* main.swift */ = {isa = PBXFileReference; lastKnownFileType = sourcecode.swift; path = main.swift; sourceTree = "<group>"; };
		7A69C8D62B9C95830074F6D1 /* Stations.xcdatamodel */ = {isa = PBXFileReference; lastKnownFileType = wrapper.xcdatamodel; path = Stations.xcdatamodel; sourceTree = "<group>"; };
		7A877FFD2BA089AD00FBD7C4 /* Queue.swift */ = {isa = PBXFileReference; lastKnownFileType = sourcecode.swift; path = Queue.swift; sourceTree = "<group>"; };
		7A877FFF2BA08ADB00FBD7C4 /* Route.swift */ = {isa = PBXFileReference; lastKnownFileType = sourcecode.swift; path = Route.swift; sourceTree = "<group>"; };
		7A8780012BA0967700FBD7C4 /* RouteController.swift */ = {isa = PBXFileReference; lastKnownFileType = sourcecode.swift; path = RouteController.swift; sourceTree = "<group>"; };
		7A8780032BA096FB00FBD7C4 /* DataController.swift */ = {isa = PBXFileReference; lastKnownFileType = sourcecode.swift; path = DataController.swift; sourceTree = "<group>"; };
		7A8EA3CF2B9DDD2D001C960C /* Station.swift */ = {isa = PBXFileReference; lastKnownFileType = sourcecode.swift; path = Station.swift; sourceTree = "<group>"; };
/* End PBXFileReference section */

/* Begin PBXFrameworksBuildPhase section */
		7A00075C2BA88C7C00195598 /* Frameworks */ = {
			isa = PBXFrameworksBuildPhase;
			buildActionMask = 2147483647;
			files = (
			);
			runOnlyForDeploymentPostprocessing = 0;
		};
		7A69C8C72B9C95610074F6D1 /* Frameworks */ = {
			isa = PBXFrameworksBuildPhase;
			buildActionMask = 2147483647;
			files = (
			);
			runOnlyForDeploymentPostprocessing = 0;
		};
/* End PBXFrameworksBuildPhase section */

/* Begin PBXGroup section */
		7A1A51792BA8699D0025F05C /* Data */ = {
			isa = PBXGroup;
			children = (
				7A00075A2BA88C6700195598 /* Stations.json */,
			);
			path = Data;
			sourceTree = "<group>";
		};
		7A69C8C12B9C95610074F6D1 = {
			isa = PBXGroup;
			children = (
				7A69C8CC2B9C95610074F6D1 /* coredatatest */,
				7A69C8CB2B9C95610074F6D1 /* Products */,
			);
			sourceTree = "<group>";
		};
		7A69C8CB2B9C95610074F6D1 /* Products */ = {
			isa = PBXGroup;
			children = (
				7A69C8CA2B9C95610074F6D1 /* coredatatest */,
				7A00075F2BA88C7C00195598 /* jsondata.bundle */,
			);
			name = Products;
			sourceTree = "<group>";
		};
		7A69C8CC2B9C95610074F6D1 /* coredatatest */ = {
			isa = PBXGroup;
			children = (
				7A69C8CD2B9C95610074F6D1 /* main.swift */,
				7A8780012BA0967700FBD7C4 /* RouteController.swift */,
				7A8780032BA096FB00FBD7C4 /* DataController.swift */,
				7A00076C2BA8DE6E00195598 /* ArriveTimeController.swift */,
				7A877FFF2BA08ADB00FBD7C4 /* Route.swift */,
				7A8EA3CF2B9DDD2D001C960C /* Station.swift */,
				7A877FFD2BA089AD00FBD7C4 /* Queue.swift */,
				7A0007672BA8C10800195598 /* TimeSpan.swift */,
				7A0007652BA88EFD00195598 /* Timetable.swift */,
				7A69C8D42B9C95750074F6D1 /* DataModels */,
				7A1A51792BA8699D0025F05C /* Data */,
			);
			path = coredatatest;
			sourceTree = "<group>";
		};
		7A69C8D42B9C95750074F6D1 /* DataModels */ = {
			isa = PBXGroup;
			children = (
				7A69C8D52B9C95830074F6D1 /* Stations.xcdatamodeld */,
			);
			path = DataModels;
			sourceTree = "<group>";
		};
/* End PBXGroup section */

/* Begin PBXNativeTarget section */
		7A00075E2BA88C7C00195598 /* jsondata */ = {
			isa = PBXNativeTarget;
			buildConfigurationList = 7A0007602BA88C7C00195598 /* Build configuration list for PBXNativeTarget "jsondata" */;
			buildPhases = (
				7A00075B2BA88C7C00195598 /* Sources */,
				7A00075C2BA88C7C00195598 /* Frameworks */,
				7A00075D2BA88C7C00195598 /* Resources */,
			);
			buildRules = (
			);
			dependencies = (
			);
			name = jsondata;
			productName = jsondata;
			productReference = 7A00075F2BA88C7C00195598 /* jsondata.bundle */;
			productType = "com.apple.product-type.bundle";
		};
		7A69C8C92B9C95610074F6D1 /* coredatatest */ = {
			isa = PBXNativeTarget;
			buildConfigurationList = 7A69C8D12B9C95610074F6D1 /* Build configuration list for PBXNativeTarget "coredatatest" */;
			buildPhases = (
				7A69C8C62B9C95610074F6D1 /* Sources */,
				7A69C8C72B9C95610074F6D1 /* Frameworks */,
				7A69C8C82B9C95610074F6D1 /* CopyFiles */,
			);
			buildRules = (
			);
			dependencies = (
			);
			name = coredatatest;
			productName = coredatatest;
			productReference = 7A69C8CA2B9C95610074F6D1 /* coredatatest */;
			productType = "com.apple.product-type.tool";
		};
/* End PBXNativeTarget section */

/* Begin PBXProject section */
		7A69C8C22B9C95610074F6D1 /* Project object */ = {
			isa = PBXProject;
			attributes = {
				BuildIndependentTargetsInParallel = 1;
				LastSwiftUpdateCheck = 1520;
				LastUpgradeCheck = 1530;
				TargetAttributes = {
					7A00075E2BA88C7C00195598 = {
						CreatedOnToolsVersion = 15.3;
					};
					7A69C8C92B9C95610074F6D1 = {
						CreatedOnToolsVersion = 15.2;
					};
				};
			};
			buildConfigurationList = 7A69C8C52B9C95610074F6D1 /* Build configuration list for PBXProject "coredatatest" */;
			compatibilityVersion = "Xcode 14.0";
			developmentRegion = en;
			hasScannedForEncodings = 0;
			knownRegions = (
				en,
				Base,
			);
			mainGroup = 7A69C8C12B9C95610074F6D1;
			productRefGroup = 7A69C8CB2B9C95610074F6D1 /* Products */;
			projectDirPath = "";
			projectRoot = "";
			targets = (
				7A69C8C92B9C95610074F6D1 /* coredatatest */,
				7A00075E2BA88C7C00195598 /* jsondata */,
			);
		};
/* End PBXProject section */

/* Begin PBXResourcesBuildPhase section */
		7A00075D2BA88C7C00195598 /* Resources */ = {
			isa = PBXResourcesBuildPhase;
			buildActionMask = 2147483647;
			files = (
				7A0007642BA88C8900195598 /* Stations.json in Resources */,
			);
			runOnlyForDeploymentPostprocessing = 0;
		};
/* End PBXResourcesBuildPhase section */

/* Begin PBXSourcesBuildPhase section */
		7A00075B2BA88C7C00195598 /* Sources */ = {
			isa = PBXSourcesBuildPhase;
			buildActionMask = 2147483647;
			files = (
			);
			runOnlyForDeploymentPostprocessing = 0;
		};
		7A69C8C62B9C95610074F6D1 /* Sources */ = {
			isa = PBXSourcesBuildPhase;
			buildActionMask = 2147483647;
			files = (
				7A8780042BA096FB00FBD7C4 /* DataController.swift in Sources */,
				7A69C8D72B9C95830074F6D1 /* Stations.xcdatamodeld in Sources */,
				7A00076B2BA8C2BA00195598 /* Timetable.swift in Sources */,
				7A8780022BA0967700FBD7C4 /* RouteController.swift in Sources */,
				7A0007682BA8C10800195598 /* TimeSpan.swift in Sources */,
				7A8EA3D02B9DDD2D001C960C /* Station.swift in Sources */,
				7A69C8CE2B9C95610074F6D1 /* main.swift in Sources */,
				7A8780002BA08ADB00FBD7C4 /* Route.swift in Sources */,
				7A877FFE2BA089AD00FBD7C4 /* Queue.swift in Sources */,
				7A00076D2BA8DE6E00195598 /* ArriveTimeController.swift in Sources */,
			);
			runOnlyForDeploymentPostprocessing = 0;
		};
/* End PBXSourcesBuildPhase section */

/* Begin XCBuildConfiguration section */
		7A0007612BA88C7C00195598 /* Debug */ = {
			isa = XCBuildConfiguration;
			buildSettings = {
				"CODE_SIGN_IDENTITY[sdk=macosx*]" = "-";
				CODE_SIGN_STYLE = Automatic;
				COMBINE_HIDPI_IMAGES = YES;
				CURRENT_PROJECT_VERSION = 1;
				DEAD_CODE_STRIPPING = YES;
				DEVELOPMENT_TEAM = CW48Y44227;
				GENERATE_INFOPLIST_FILE = YES;
				INFOPLIST_KEY_NSHumanReadableCopyright = "";
				INFOPLIST_KEY_NSPrincipalClass = "";
				INSTALL_PATH = "$(LOCAL_LIBRARY_DIR)/Bundles";
				MACOSX_DEPLOYMENT_TARGET = 14.3;
				MARKETING_VERSION = 1.0;
				PRODUCT_BUNDLE_IDENTIFIER = com.swu.ios.top788.jsondata;
				PRODUCT_NAME = "$(TARGET_NAME)";
				SKIP_INSTALL = YES;
				SWIFT_EMIT_LOC_STRINGS = YES;
				WRAPPER_EXTENSION = bundle;
			};
			name = Debug;
		};
		7A0007622BA88C7C00195598 /* Release */ = {
			isa = XCBuildConfiguration;
			buildSettings = {
				"CODE_SIGN_IDENTITY[sdk=macosx*]" = "-";
				CODE_SIGN_STYLE = Automatic;
				COMBINE_HIDPI_IMAGES = YES;
				CURRENT_PROJECT_VERSION = 1;
				DEAD_CODE_STRIPPING = YES;
				DEVELOPMENT_TEAM = CW48Y44227;
				GENERATE_INFOPLIST_FILE = YES;
				INFOPLIST_KEY_NSHumanReadableCopyright = "";
				INFOPLIST_KEY_NSPrincipalClass = "";
				INSTALL_PATH = "$(LOCAL_LIBRARY_DIR)/Bundles";
				MACOSX_DEPLOYMENT_TARGET = 14.3;
				MARKETING_VERSION = 1.0;
				PRODUCT_BUNDLE_IDENTIFIER = com.swu.ios.top788.jsondata;
				PRODUCT_NAME = "$(TARGET_NAME)";
				SKIP_INSTALL = YES;
				SWIFT_EMIT_LOC_STRINGS = YES;
				WRAPPER_EXTENSION = bundle;
			};
			name = Release;
		};
		7A69C8CF2B9C95610074F6D1 /* Debug */ = {
			isa = XCBuildConfiguration;
			buildSettings = {
				ALWAYS_SEARCH_USER_PATHS = NO;
				ASSETCATALOG_COMPILER_GENERATE_SWIFT_ASSET_SYMBOL_EXTENSIONS = YES;
				CLANG_ANALYZER_NONNULL = YES;
				CLANG_ANALYZER_NUMBER_OBJECT_CONVERSION = YES_AGGRESSIVE;
				CLANG_CXX_LANGUAGE_STANDARD = "gnu++20";
				CLANG_ENABLE_MODULES = YES;
				CLANG_ENABLE_OBJC_ARC = YES;
				CLANG_ENABLE_OBJC_WEAK = YES;
				CLANG_WARN_BLOCK_CAPTURE_AUTORELEASING = YES;
				CLANG_WARN_BOOL_CONVERSION = YES;
				CLANG_WARN_COMMA = YES;
				CLANG_WARN_CONSTANT_CONVERSION = YES;
				CLANG_WARN_DEPRECATED_OBJC_IMPLEMENTATIONS = YES;
				CLANG_WARN_DIRECT_OBJC_ISA_USAGE = YES_ERROR;
				CLANG_WARN_DOCUMENTATION_COMMENTS = YES;
				CLANG_WARN_EMPTY_BODY = YES;
				CLANG_WARN_ENUM_CONVERSION = YES;
				CLANG_WARN_INFINITE_RECURSION = YES;
				CLANG_WARN_INT_CONVERSION = YES;
				CLANG_WARN_NON_LITERAL_NULL_CONVERSION = YES;
				CLANG_WARN_OBJC_IMPLICIT_RETAIN_SELF = YES;
				CLANG_WARN_OBJC_LITERAL_CONVERSION = YES;
				CLANG_WARN_OBJC_ROOT_CLASS = YES_ERROR;
				CLANG_WARN_QUOTED_INCLUDE_IN_FRAMEWORK_HEADER = YES;
				CLANG_WARN_RANGE_LOOP_ANALYSIS = YES;
				CLANG_WARN_STRICT_PROTOTYPES = YES;
				CLANG_WARN_SUSPICIOUS_MOVE = YES;
				CLANG_WARN_UNGUARDED_AVAILABILITY = YES_AGGRESSIVE;
				CLANG_WARN_UNREACHABLE_CODE = YES;
				CLANG_WARN__DUPLICATE_METHOD_MATCH = YES;
				COPY_PHASE_STRIP = NO;
				DEAD_CODE_STRIPPING = YES;
				DEBUG_INFORMATION_FORMAT = dwarf;
				ENABLE_STRICT_OBJC_MSGSEND = YES;
				ENABLE_TESTABILITY = YES;
				ENABLE_USER_SCRIPT_SANDBOXING = YES;
				GCC_C_LANGUAGE_STANDARD = gnu17;
				GCC_DYNAMIC_NO_PIC = NO;
				GCC_NO_COMMON_BLOCKS = YES;
				GCC_OPTIMIZATION_LEVEL = 0;
				GCC_PREPROCESSOR_DEFINITIONS = (
					"DEBUG=1",
					"$(inherited)",
				);
				GCC_WARN_64_TO_32_BIT_CONVERSION = YES;
				GCC_WARN_ABOUT_RETURN_TYPE = YES_ERROR;
				GCC_WARN_UNDECLARED_SELECTOR = YES;
				GCC_WARN_UNINITIALIZED_AUTOS = YES_AGGRESSIVE;
				GCC_WARN_UNUSED_FUNCTION = YES;
				GCC_WARN_UNUSED_VARIABLE = YES;
				LOCALIZATION_PREFERS_STRING_CATALOGS = YES;
				MACOSX_DEPLOYMENT_TARGET = 14.2;
				MTL_ENABLE_DEBUG_INFO = INCLUDE_SOURCE;
				MTL_FAST_MATH = YES;
				ONLY_ACTIVE_ARCH = YES;
				SDKROOT = macosx;
				SWIFT_ACTIVE_COMPILATION_CONDITIONS = "DEBUG $(inherited)";
				SWIFT_OPTIMIZATION_LEVEL = "-Onone";
			};
			name = Debug;
		};
		7A69C8D02B9C95610074F6D1 /* Release */ = {
			isa = XCBuildConfiguration;
			buildSettings = {
				ALWAYS_SEARCH_USER_PATHS = NO;
				ASSETCATALOG_COMPILER_GENERATE_SWIFT_ASSET_SYMBOL_EXTENSIONS = YES;
				CLANG_ANALYZER_NONNULL = YES;
				CLANG_ANALYZER_NUMBER_OBJECT_CONVERSION = YES_AGGRESSIVE;
				CLANG_CXX_LANGUAGE_STANDARD = "gnu++20";
				CLANG_ENABLE_MODULES = YES;
				CLANG_ENABLE_OBJC_ARC = YES;
				CLANG_ENABLE_OBJC_WEAK = YES;
				CLANG_WARN_BLOCK_CAPTURE_AUTORELEASING = YES;
				CLANG_WARN_BOOL_CONVERSION = YES;
				CLANG_WARN_COMMA = YES;
				CLANG_WARN_CONSTANT_CONVERSION = YES;
				CLANG_WARN_DEPRECATED_OBJC_IMPLEMENTATIONS = YES;
				CLANG_WARN_DIRECT_OBJC_ISA_USAGE = YES_ERROR;
				CLANG_WARN_DOCUMENTATION_COMMENTS = YES;
				CLANG_WARN_EMPTY_BODY = YES;
				CLANG_WARN_ENUM_CONVERSION = YES;
				CLANG_WARN_INFINITE_RECURSION = YES;
				CLANG_WARN_INT_CONVERSION = YES;
				CLANG_WARN_NON_LITERAL_NULL_CONVERSION = YES;
				CLANG_WARN_OBJC_IMPLICIT_RETAIN_SELF = YES;
				CLANG_WARN_OBJC_LITERAL_CONVERSION = YES;
				CLANG_WARN_OBJC_ROOT_CLASS = YES_ERROR;
				CLANG_WARN_QUOTED_INCLUDE_IN_FRAMEWORK_HEADER = YES;
				CLANG_WARN_RANGE_LOOP_ANALYSIS = YES;
				CLANG_WARN_STRICT_PROTOTYPES = YES;
				CLANG_WARN_SUSPICIOUS_MOVE = YES;
				CLANG_WARN_UNGUARDED_AVAILABILITY = YES_AGGRESSIVE;
				CLANG_WARN_UNREACHABLE_CODE = YES;
				CLANG_WARN__DUPLICATE_METHOD_MATCH = YES;
				COPY_PHASE_STRIP = NO;
				DEAD_CODE_STRIPPING = YES;
				DEBUG_INFORMATION_FORMAT = "dwarf-with-dsym";
				ENABLE_NS_ASSERTIONS = NO;
				ENABLE_STRICT_OBJC_MSGSEND = YES;
				ENABLE_USER_SCRIPT_SANDBOXING = YES;
				GCC_C_LANGUAGE_STANDARD = gnu17;
				GCC_NO_COMMON_BLOCKS = YES;
				GCC_WARN_64_TO_32_BIT_CONVERSION = YES;
				GCC_WARN_ABOUT_RETURN_TYPE = YES_ERROR;
				GCC_WARN_UNDECLARED_SELECTOR = YES;
				GCC_WARN_UNINITIALIZED_AUTOS = YES_AGGRESSIVE;
				GCC_WARN_UNUSED_FUNCTION = YES;
				GCC_WARN_UNUSED_VARIABLE = YES;
				LOCALIZATION_PREFERS_STRING_CATALOGS = YES;
				MACOSX_DEPLOYMENT_TARGET = 14.2;
				MTL_ENABLE_DEBUG_INFO = NO;
				MTL_FAST_MATH = YES;
				SDKROOT = macosx;
				SWIFT_COMPILATION_MODE = wholemodule;
			};
			name = Release;
		};
		7A69C8D22B9C95610074F6D1 /* Debug */ = {
			isa = XCBuildConfiguration;
			buildSettings = {
				"CODE_SIGN_IDENTITY[sdk=macosx*]" = "-";
				CODE_SIGN_STYLE = Automatic;
				DEAD_CODE_STRIPPING = YES;
				DEVELOPMENT_ASSET_PATHS = "";
				DEVELOPMENT_TEAM = CW48Y44227;
				ENABLE_HARDENED_RUNTIME = YES;
				PRODUCT_NAME = "$(TARGET_NAME)";
				SWIFT_VERSION = 5.0;
			};
			name = Debug;
		};
		7A69C8D32B9C95610074F6D1 /* Release */ = {
			isa = XCBuildConfiguration;
			buildSettings = {
				"CODE_SIGN_IDENTITY[sdk=macosx*]" = "-";
				CODE_SIGN_STYLE = Automatic;
				DEAD_CODE_STRIPPING = YES;
				DEVELOPMENT_ASSET_PATHS = "";
				DEVELOPMENT_TEAM = CW48Y44227;
				ENABLE_HARDENED_RUNTIME = YES;
				PRODUCT_NAME = "$(TARGET_NAME)";
				SWIFT_VERSION = 5.0;
			};
			name = Release;
		};
/* End XCBuildConfiguration section */

/* Begin XCConfigurationList section */
		7A0007602BA88C7C00195598 /* Build configuration list for PBXNativeTarget "jsondata" */ = {
			isa = XCConfigurationList;
			buildConfigurations = (
				7A0007612BA88C7C00195598 /* Debug */,
				7A0007622BA88C7C00195598 /* Release */,
			);
			defaultConfigurationIsVisible = 0;
			defaultConfigurationName = Release;
		};
		7A69C8C52B9C95610074F6D1 /* Build configuration list for PBXProject "coredatatest" */ = {
			isa = XCConfigurationList;
			buildConfigurations = (
				7A69C8CF2B9C95610074F6D1 /* Debug */,
				7A69C8D02B9C95610074F6D1 /* Release */,
			);
			defaultConfigurationIsVisible = 0;
			defaultConfigurationName = Release;
		};
		7A69C8D12B9C95610074F6D1 /* Build configuration list for PBXNativeTarget "coredatatest" */ = {
			isa = XCConfigurationList;
			buildConfigurations = (
				7A69C8D22B9C95610074F6D1 /* Debug */,
				7A69C8D32B9C95610074F6D1 /* Release */,
			);
			defaultConfigurationIsVisible = 0;
			defaultConfigurationName = Release;
		};
/* End XCConfigurationList section */

/* Begin XCVersionGroup section */
		7A69C8D52B9C95830074F6D1 /* Stations.xcdatamodeld */ = {
			isa = XCVersionGroup;
			children = (
				7A69C8D62B9C95830074F6D1 /* Stations.xcdatamodel */,
			);
			currentVersion = 7A69C8D62B9C95830074F6D1 /* Stations.xcdatamodel */;
			path = Stations.xcdatamodeld;
			sourceTree = "<group>";
			versionGroupType = wrapper.xcdatamodel;
		};
/* End XCVersionGroup section */
	};
	rootObject = 7A69C8C22B9C95610074F6D1 /* Project object */;
}
